
Microsoft Visual Studio Solution File, Format Version 12.00
# Visual Studio Version 17
VisualStudioVersion = 17.5.002.0
MinimumVisualStudioVersion = 10.0.40219.1
Project("{2150E333-8FDC-42A3-9474-1A3956D46DE8}") = "Back", "Back", "{09BECB08-03A1-4A71-94F3-86E88D566D90}"
EndProject
Project("{2150E333-8FDC-42A3-9474-1A3956D46DE8}") = "src", "src", "{E7FBEA22-4880-468D-8FF3-E3907ACD9DCD}"
EndProject
Project("{9A19103F-16F7-4668-BE54-9A1E7A4F7556}") = "ProEventos.API", "Back\src\ProEventos.API\ProEventos.API.csproj", "{0CA4D17B-EB1C-4561-9D1E-81E111874584}"
EndProject
Global
	GlobalSection(SolutionConfigurationPlatforms) = preSolution
		Debug|Any CPU = Debug|Any CPU
		Release|Any CPU = Release|Any CPU
	EndGlobalSection
	GlobalSection(ProjectConfigurationPlatforms) = postSolution
		{0CA4D17B-EB1C-4561-9D1E-81E111874584}.Debug|Any CPU.ActiveCfg = Debug|Any CPU
		{0CA4D17B-EB1C-4561-9D1E-81E111874584}.Debug|Any CPU.Build.0 = Debug|Any CPU
		{0CA4D17B-EB1C-4561-9D1E-81E111874584}.Release|Any CPU.ActiveCfg = Release|Any CPU
		{0CA4D17B-EB1C-4561-9D1E-81E111874584}.Release|Any CPU.Build.0 = Release|Any CPU
	EndGlobalSection
	GlobalSection(SolutionProperties) = preSolution
		HideSolutionNode = FALSE
	EndGlobalSection
	GlobalSection(NestedProjects) = preSolution
		{E7FBEA22-4880-468D-8FF3-E3907ACD9DCD} = {09BECB08-03A1-4A71-94F3-86E88D566D90}
		{0CA4D17B-EB1C-4561-9D1E-81E111874584} = {E7FBEA22-4880-468D-8FF3-E3907ACD9DCD}
	EndGlobalSection
	GlobalSection(ExtensibilityGlobals) = postSolution
		SolutionGuid = {ED64409C-D035-4077-901B-95DB432B7494}
	EndGlobalSection
EndGlobal
